// !$*UTF8*$!
{
	archiveVersion = 1;
	classes = {
	};
	objectVersion = 46;
	objects = {

/* Begin PBXBuildFile section */
		CAC773DB1AAFAFA4009B81B2 /* main.c in Sources */ = {isa = PBXBuildFile; fileRef = CAC773DA1AAFAFA4009B81B2 /* main.c */; };
		CAC773E21AAFB3E4009B81B2 /* resampling.c in Sources */ = {isa = PBXBuildFile; fileRef = CAC773E11AAFB3E4009B81B2 /* resampling.c */; };
		CAC773EC1AAFB3FF009B81B2 /* BSP.cpp in Sources */ = {isa = PBXBuildFile; fileRef = CAC773E31AAFB3FF009B81B2 /* BSP.cpp */; };
		CAC773ED1AAFB3FF009B81B2 /* BSPTraits.cpp in Sources */ = {isa = PBXBuildFile; fileRef = CAC773E51AAFB3FF009B81B2 /* BSPTraits.cpp */; };
		CAC773EE1AAFB3FF009B81B2 /* IsotropicRemesher.cpp in Sources */ = {isa = PBXBuildFile; fileRef = CAC773E91AAFB3FF009B81B2 /* IsotropicRemesher.cpp */; };
/* End PBXBuildFile section */

/* Begin PBXCopyFilesBuildPhase section */
		CAC773D51AAFAFA4009B81B2 /* CopyFiles */ = {
			isa = PBXCopyFilesBuildPhase;
			buildActionMask = 2147483647;
			dstPath = /usr/share/man/man1/;
			dstSubfolderSpec = 0;
			files = (
			);
			runOnlyForDeploymentPostprocessing = 1;
		};
/* End PBXCopyFilesBuildPhase section */

/* Begin PBXFileReference section */
		CAC773D71AAFAFA4009B81B2 /* remeshing */ = {isa = PBXFileReference; explicitFileType = "compiled.mach-o.executable"; includeInIndex = 0; path = remeshing; sourceTree = BUILT_PRODUCTS_DIR; };
		CAC773DA1AAFAFA4009B81B2 /* main.c */ = {isa = PBXFileReference; lastKnownFileType = sourcecode.c.c; path = main.c; sourceTree = "<group>"; };
		CAC773E11AAFB3E4009B81B2 /* resampling.c */ = {isa = PBXFileReference; fileEncoding = 4; lastKnownFileType = sourcecode.c.c; name = resampling.c; path = ../../../resampling.c; sourceTree = "<group>"; };
		CAC773E31AAFB3FF009B81B2 /* BSP.cpp */ = {isa = PBXFileReference; fileEncoding = 4; lastKnownFileType = sourcecode.cpp.cpp; name = BSP.cpp; path = ../../../src/BSP.cpp; sourceTree = "<group>"; };
		CAC773E41AAFB3FF009B81B2 /* BSP.h */ = {isa = PBXFileReference; fileEncoding = 4; lastKnownFileType = sourcecode.c.h; name = BSP.h; path = ../../../src/BSP.h; sourceTree = "<group>"; };
		CAC773E51AAFB3FF009B81B2 /* BSPTraits.cpp */ = {isa = PBXFileReference; fileEncoding = 4; lastKnownFileType = sourcecode.cpp.cpp; name = BSPTraits.cpp; path = ../../../src/BSPTraits.cpp; sourceTree = "<group>"; };
		CAC773E61AAFB3FF009B81B2 /* BSPTraits.h */ = {isa = PBXFileReference; fileEncoding = 4; lastKnownFileType = sourcecode.c.h; name = BSPTraits.h; path = ../../../src/BSPTraits.h; sourceTree = "<group>"; };
		CAC773E71AAFB3FF009B81B2 /* BSPTreeNode.h */ = {isa = PBXFileReference; fileEncoding = 4; lastKnownFileType = sourcecode.c.h; name = BSPTreeNode.h; path = ../../../src/BSPTreeNode.h; sourceTree = "<group>"; };
		CAC773E81AAFB3FF009B81B2 /* Functions.h */ = {isa = PBXFileReference; fileEncoding = 4; lastKnownFileType = sourcecode.c.h; name = Functions.h; path = ../../../src/Functions.h; sourceTree = "<group>"; };
		CAC773E91AAFB3FF009B81B2 /* IsotropicRemesher.cpp */ = {isa = PBXFileReference; fileEncoding = 4; lastKnownFileType = sourcecode.cpp.cpp; name = IsotropicRemesher.cpp; path = ../../../src/IsotropicRemesher.cpp; sourceTree = "<group>"; };
		CAC773EA1AAFB3FF009B81B2 /* IsotropicRemesher.h */ = {isa = PBXFileReference; fileEncoding = 4; lastKnownFileType = sourcecode.c.h; name = IsotropicRemesher.h; path = ../../../src/IsotropicRemesher.h; sourceTree = "<group>"; };
		CAC773EB1AAFB3FF009B81B2 /* Types.h */ = {isa = PBXFileReference; fileEncoding = 4; lastKnownFileType = sourcecode.c.h; name = Types.h; path = ../../../src/Types.h; sourceTree = "<group>"; };
/* End PBXFileReference section */

/* Begin PBXFrameworksBuildPhase section */
		CAC773D41AAFAFA4009B81B2 /* Frameworks */ = {
			isa = PBXFrameworksBuildPhase;
			buildActionMask = 2147483647;
			files = (
			);
			runOnlyForDeploymentPostprocessing = 0;
		};
/* End PBXFrameworksBuildPhase section */

/* Begin PBXGroup section */
		CAC773CE1AAFAFA4009B81B2 = {
			isa = PBXGroup;
			children = (
				CAC773D91AAFAFA4009B81B2 /* remeshing */,
				CAC773D81AAFAFA4009B81B2 /* Products */,
			);
			sourceTree = "<group>";
		};
		CAC773D81AAFAFA4009B81B2 /* Products */ = {
			isa = PBXGroup;
			children = (
				CAC773D71AAFAFA4009B81B2 /* remeshing */,
			);
			name = Products;
			sourceTree = "<group>";
		};
		CAC773D91AAFAFA4009B81B2 /* remeshing */ = {
			isa = PBXGroup;
			children = (
				CAC773EF1AAFB401009B81B2 /* BSP */,
				CAC773E11AAFB3E4009B81B2 /* resampling.c */,
				CAC773DA1AAFAFA4009B81B2 /* main.c */,
			);
			path = remeshing;
			sourceTree = "<group>";
		};
		CAC773EF1AAFB401009B81B2 /* BSP */ = {
			isa = PBXGroup;
			children = (
				CAC773E31AAFB3FF009B81B2 /* BSP.cpp */,
				CAC773E41AAFB3FF009B81B2 /* BSP.h */,
				CAC773E51AAFB3FF009B81B2 /* BSPTraits.cpp */,
				CAC773E61AAFB3FF009B81B2 /* BSPTraits.h */,
				CAC773E71AAFB3FF009B81B2 /* BSPTreeNode.h */,
				CAC773E81AAFB3FF009B81B2 /* Functions.h */,
				CAC773E91AAFB3FF009B81B2 /* IsotropicRemesher.cpp */,
				CAC773EA1AAFB3FF009B81B2 /* IsotropicRemesher.h */,
				CAC773EB1AAFB3FF009B81B2 /* Types.h */,
			);
			name = BSP;
			sourceTree = "<group>";
		};
/* End PBXGroup section */

/* Begin PBXNativeTarget section */
		CAC773D61AAFAFA4009B81B2 /* remeshing */ = {
			isa = PBXNativeTarget;
			buildConfigurationList = CAC773DE1AAFAFA4009B81B2 /* Build configuration list for PBXNativeTarget "remeshing" */;
			buildPhases = (
				CAC773D31AAFAFA4009B81B2 /* Sources */,
				CAC773D41AAFAFA4009B81B2 /* Frameworks */,
				CAC773D51AAFAFA4009B81B2 /* CopyFiles */,
			);
			buildRules = (
			);
			dependencies = (
			);
			name = remeshing;
			productName = remeshing;
			productReference = CAC773D71AAFAFA4009B81B2 /* remeshing */;
			productType = "com.apple.product-type.tool";
		};
/* End PBXNativeTarget section */

/* Begin PBXProject section */
		CAC773CF1AAFAFA4009B81B2 /* Project object */ = {
			isa = PBXProject;
			attributes = {
				LastUpgradeCheck = 0610;
				ORGANIZATIONNAME = test;
				TargetAttributes = {
					CAC773D61AAFAFA4009B81B2 = {
						CreatedOnToolsVersion = 6.1.1;
					};
				};
			};
			buildConfigurationList = CAC773D21AAFAFA4009B81B2 /* Build configuration list for PBXProject "remeshing" */;
			compatibilityVersion = "Xcode 3.2";
			developmentRegion = English;
			hasScannedForEncodings = 0;
			knownRegions = (
				en,
			);
			mainGroup = CAC773CE1AAFAFA4009B81B2;
			productRefGroup = CAC773D81AAFAFA4009B81B2 /* Products */;
			projectDirPath = "";
			projectRoot = "";
			targets = (
				CAC773D61AAFAFA4009B81B2 /* remeshing */,
			);
		};
/* End PBXProject section */

/* Begin PBXSourcesBuildPhase section */
		CAC773D31AAFAFA4009B81B2 /* Sources */ = {
			isa = PBXSourcesBuildPhase;
			buildActionMask = 2147483647;
			files = (
				CAC773EC1AAFB3FF009B81B2 /* BSP.cpp in Sources */,
				CAC773DB1AAFAFA4009B81B2 /* main.c in Sources */,
				CAC773ED1AAFB3FF009B81B2 /* BSPTraits.cpp in Sources */,
				CAC773EE1AAFB3FF009B81B2 /* IsotropicRemesher.cpp in Sources */,
				CAC773E21AAFB3E4009B81B2 /* resampling.c in Sources */,
			);
			runOnlyForDeploymentPostprocessing = 0;
		};
/* End PBXSourcesBuildPhase section */

/* Begin XCBuildConfiguration section */
		CAC773DC1AAFAFA4009B81B2 /* Debug */ = {
			isa = XCBuildConfiguration;
			buildSettings = {
				ALWAYS_SEARCH_USER_PATHS = NO;
				CLANG_CXX_LANGUAGE_STANDARD = "gnu++0x";
				CLANG_CXX_LIBRARY = "libc++";
				CLANG_ENABLE_MODULES = YES;
				CLANG_ENABLE_OBJC_ARC = YES;
				CLANG_WARN_BOOL_CONVERSION = YES;
				CLANG_WARN_CONSTANT_CONVERSION = YES;
				CLANG_WARN_DIRECT_OBJC_ISA_USAGE = YES_ERROR;
				CLANG_WARN_EMPTY_BODY = YES;
				CLANG_WARN_ENUM_CONVERSION = YES;
				CLANG_WARN_INT_CONVERSION = YES;
				CLANG_WARN_OBJC_ROOT_CLASS = YES_ERROR;
				CLANG_WARN_UNREACHABLE_CODE = YES;
				CLANG_WARN__DUPLICATE_METHOD_MATCH = YES;
				COPY_PHASE_STRIP = NO;
				ENABLE_STRICT_OBJC_MSGSEND = YES;
				GCC_C_LANGUAGE_STANDARD = "compiler-default";
				GCC_DYNAMIC_NO_PIC = NO;
				GCC_OPTIMIZATION_LEVEL = 0;
				GCC_PREPROCESSOR_DEFINITIONS = (
					"DEBUG=1",
					"$(inherited)",
				);
				GCC_SYMBOLS_PRIVATE_EXTERN = NO;
				GCC_WARN_64_TO_32_BIT_CONVERSION = YES;
				GCC_WARN_ABOUT_RETURN_TYPE = YES_ERROR;
				GCC_WARN_UNDECLARED_SELECTOR = YES;
				GCC_WARN_UNINITIALIZED_AUTOS = YES_AGGRESSIVE;
				GCC_WARN_UNUSED_FUNCTION = YES;
				GCC_WARN_UNUSED_VARIABLE = YES;
				HEADER_SEARCH_PATHS = (
					"$(inherited)",
					/Applications/Xcode.app/Contents/Developer/Toolchains/XcodeDefault.xctoolchain/usr/include,
					/usr/local/include,
					"$(MATLABROOT)/extern/include",
				);
				LD_RUNPATH_SEARCH_PATHS = "$(MATLABROOT)/bin/maci64";
				LIBRARY_SEARCH_PATHS = (
					"$(MATLABROOT)/bin/maci64",
					/usr/local/lib,
					/usr/local/lib/OpenMesh,
				);
				MACOSX_DEPLOYMENT_TARGET = 10.10;
				MATLABROOT = /Applications/MATLAB_R2013a.app;
				MTL_ENABLE_DEBUG_INFO = YES;
				ONLY_ACTIVE_ARCH = YES;
				OTHER_LDFLAGS = (
					"-lmx",
					"-lmex",
					"-lmat",
					"-lmpfr",
					"-lOpenMeshTools",
					"-lOpenMeshCore",
				);
				SDKROOT = macosx;
			};
			name = Debug;
		};
		CAC773DD1AAFAFA4009B81B2 /* Release */ = {
			isa = XCBuildConfiguration;
			buildSettings = {
				ALWAYS_SEARCH_USER_PATHS = NO;
				CLANG_CXX_LANGUAGE_STANDARD = "gnu++0x";
				CLANG_CXX_LIBRARY = "libc++";
				CLANG_ENABLE_MODULES = YES;
				CLANG_ENABLE_OBJC_ARC = YES;
				CLANG_WARN_BOOL_CONVERSION = YES;
				CLANG_WARN_CONSTANT_CONVERSION = YES;
				CLANG_WARN_DIRECT_OBJC_ISA_USAGE = YES_ERROR;
				CLANG_WARN_EMPTY_BODY = YES;
				CLANG_WARN_ENUM_CONVERSION = YES;
				CLANG_WARN_INT_CONVERSION = YES;
				CLANG_WARN_OBJC_ROOT_CLASS = YES_ERROR;
				CLANG_WARN_UNREACHABLE_CODE = YES;
				CLANG_WARN__DUPLICATE_METHOD_MATCH = YES;
				COPY_PHASE_STRIP = YES;
				DEBUG_INFORMATION_FORMAT = "dwarf-with-dsym";
				ENABLE_NS_ASSERTIONS = NO;
				ENABLE_STRICT_OBJC_MSGSEND = YES;
				GCC_C_LANGUAGE_STANDARD = "compiler-default";
				GCC_WARN_64_TO_32_BIT_CONVERSION = YES;
				GCC_WARN_ABOUT_RETURN_TYPE = YES_ERROR;
				GCC_WARN_UNDECLARED_SELECTOR = YES;
				GCC_WARN_UNINITIALIZED_AUTOS = YES_AGGRESSIVE;
				GCC_WARN_UNUSED_FUNCTION = YES;
				GCC_WARN_UNUSED_VARIABLE = YES;
				HEADER_SEARCH_PATHS = (
					"$(inherited)",
					/Applications/Xcode.app/Contents/Developer/Toolchains/XcodeDefault.xctoolchain/usr/include,
					/usr/local/include,
					"$(MATLABROOT)/extern/include",
				);
				LD_RUNPATH_SEARCH_PATHS = "$(MATLABROOT)/bin/maci64";
				LIBRARY_SEARCH_PATHS = (
					"$(MATLABROOT)/bin/maci64",
					/usr/local/lib,
					/usr/local/lib/OpenMesh,
				);
				MACOSX_DEPLOYMENT_TARGET = 10.10;
				MATLABROOT = /Applications/MATLAB_R2013a.app;
				MTL_ENABLE_DEBUG_INFO = NO;
				OTHER_LDFLAGS = (
					"-lmx",
					"-lmex",
					"-lmat",
					"-lmpfr",
					"-lOpenMeshTools",
					"-lOpenMeshCore",
				);
				SDKROOT = macosx;
			};
			name = Release;
		};
		CAC773DF1AAFAFA4009B81B2 /* Debug */ = {
			isa = XCBuildConfiguration;
			buildSettings = {
				HEADER_SEARCH_PATHS = (
					"$(inherited)",
					/Applications/Xcode.app/Contents/Developer/Toolchains/XcodeDefault.xctoolchain/usr/include,
					/usr/local/include,
					"$(MATLABROOT)/extern/include",
				);
				LIBRARY_SEARCH_PATHS = (
					/usr/local/lib/OpenMesh,
					"$(MATLABROOT)/bin/maci64",
					/usr/local/lib,
					"$(SYSTEM_APPS_DIR)/MATLAB_R2013a.app/bin/maci64",
				);
				OTHER_LDFLAGS = (
					"-lmx",
					"-lmex",
					"-lmat",
					"-lmpfr",
					"-lOpenMeshTools",
					"-lOpenMeshCore",
				);
				PRODUCT_NAME = "$(TARGET_NAME)";
			};
			name = Debug;
		};
		CAC773E01AAFAFA4009B81B2 /* Release */ = {
			isa = XCBuildConfiguration;
			buildSettings = {
				HEADER_SEARCH_PATHS = (
					"$(inherited)",
					/Applications/Xcode.app/Contents/Developer/Toolchains/XcodeDefault.xctoolchain/usr/include,
					/usr/local/include,
					"$(MATLABROOT)/extern/include",
				);
				LIBRARY_SEARCH_PATHS = (
					/usr/local/lib/OpenMesh,
					"$(MATLABROOT)/bin/maci64",
					/usr/local/lib,
					"$(SYSTEM_APPS_DIR)/MATLAB_R2013a.app/bin/maci64",
				);
				OTHER_LDFLAGS = (
					"-lmx",
					"-lmex",
					"-lmat",
					"-lmpfr",
					"-lOpenMeshTools",
					"-lOpenMeshCore",
				);
				PRODUCT_NAME = "$(TARGET_NAME)";
			};
			name = Release;
		};
/* End XCBuildConfiguration section */

/* Begin XCConfigurationList section */
		CAC773D21AAFAFA4009B81B2 /* Build configuration list for PBXProject "remeshing" */ = {
			isa = XCConfigurationList;
			buildConfigurations = (
				CAC773DC1AAFAFA4009B81B2 /* Debug */,
				CAC773DD1AAFAFA4009B81B2 /* Release */,
			);
			defaultConfigurationIsVisible = 0;
			defaultConfigurationName = Release;
		};
		CAC773DE1AAFAFA4009B81B2 /* Build configuration list for PBXNativeTarget "remeshing" */ = {
			isa = XCConfigurationList;
			buildConfigurations = (
				CAC773DF1AAFAFA4009B81B2 /* Debug */,
				CAC773E01AAFAFA4009B81B2 /* Release */,
			);
			defaultConfigurationIsVisible = 0;
			defaultConfigurationName = Release;
		};
/* End XCConfigurationList section */
	};
	rootObject = CAC773CF1AAFAFA4009B81B2 /* Project object */;
}
